# THIS IS AN AUTOGENERATED FILE. DO NOT EDIT THIS FILE DIRECTLY.
# yarn lockfile v1


"@cspell/dict-ru_ru@^2.0.2":
  version "2.0.2"
  resolved "https://registry.yarnpkg.com/@cspell/dict-ru_ru/-/dict-ru_ru-2.0.2.tgz#51e4e4f5fd94f75db4bedb8d548a02783bd74bdd"
  integrity sha512-Nt3Jbv+/gDdlTMgnIn2xkFfGQ7oiH/d4skrZhqLClBNk1AbIUm0bxNmRSbV3taYp/nPfNbDfKMxKB4iek+eiMA==

"@cspell/dict-uk-ua@^1.0.20":
  version "1.0.20"
  resolved "https://registry.yarnpkg.com/@cspell/dict-uk-ua/-/dict-uk-ua-1.0.20.tgz#7201b6a4796d75f582b52e077753f087a59cd3ef"
  integrity sha512-muEu6X/gKm6Xg/1bkpzBGedA+bsQh6Wr/xE8wyFlKdOHZjsB7PqKHIivTBUN72BW6Oo4LiyNVYM/3dHXpdGRJQ==

"@nitra/cspell-dict@^1.0.14":
  version "1.0.14"
  resolved "https://registry.yarnpkg.com/@nitra/cspell-dict/-/cspell-dict-1.0.14.tgz#76f915dc35ae6feb4438f0fbf8e7402f72df226c"
  integrity sha512-vD3NGzDMXDxQpwq07Nt+raHR0hubYLSeRJwbVXV4I/s1GSY7NmNc4b1A+fzuBzoKF2Ch+J5RtXpgJmFbPjr0TA==

prettier-config-standard@^4.0.0:
  version "4.0.0"
  resolved "https://registry.yarnpkg.com/prettier-config-standard/-/prettier-config-standard-4.0.0.tgz#4cb82b87249e248bf47c69efbe3f9179abd16f70"
  integrity sha512-K5J34NKeGyJvVVHUg4cAWDhtVYzT7UIRE9GbFyqHNZd61Pr0DHNTMsgoID7IVDmKc0QaLswYwKaNR2apbUJvkg==
